
Microsoft Visual Studio Solution File, Format Version 12.00
# Visual Studio 15
VisualStudioVersion = 15.0.27130.2024
MinimumVisualStudioVersion = 10.0.40219.1
Project("{FAE04EC0-301F-11D3-BF4B-00C04F79EFBC}") = "R6SAcademyCupManager", "R6SAcademyCupManager\R6SAcademyCupManager.csproj", "{845ECD9A-5A68-49D6-89BA-184D3FFBC974}"
EndProject
Global
	GlobalSection(SolutionConfigurationPlatforms) = preSolution
		Debug|Any CPU = Debug|Any CPU
		Release|Any CPU = Release|Any CPU
	EndGlobalSection
	GlobalSection(ProjectConfigurationPlatforms) = postSolution
		{845ECD9A-5A68-49D6-89BA-184D3FFBC974}.Debug|Any CPU.ActiveCfg = Debug|Any CPU
		{845ECD9A-5A68-49D6-89BA-184D3FFBC974}.Debug|Any CPU.Build.0 = Debug|Any CPU
		{845ECD9A-5A68-49D6-89BA-184D3FFBC974}.Release|Any CPU.ActiveCfg = Release|Any CPU
		{845ECD9A-5A68-49D6-89BA-184D3FFBC974}.Release|Any CPU.Build.0 = Release|Any CPU
	EndGlobalSection
	GlobalSection(SolutionProperties) = preSolution
		HideSolutionNode = FALSE
	EndGlobalSection
	GlobalSection(ExtensibilityGlobals) = postSolution
		SolutionGuid = {6B68AF1C-1B1A-4E51-880F-41FDA78A0BF8}
	EndGlobalSection
EndGlobal
