
Microsoft Visual Studio Solution File, Format Version 12.00
# Visual Studio 15
VisualStudioVersion = 15.0.27703.2042
MinimumVisualStudioVersion = 10.0.40219.1
Project("{FAE04EC0-301F-11D3-BF4B-00C04F79EFBC}") = "GTA 5 mod installer n3x", "GTA 5 mod installer n3x\GTA 5 mod installer n3x.csproj", "{9F850217-EFDA-49E8-BF4C-A8E8832F691D}"
EndProject
Global
	GlobalSection(SolutionConfigurationPlatforms) = preSolution
		Debug|Any CPU = Debug|Any CPU
		Release|Any CPU = Release|Any CPU
	EndGlobalSection
	GlobalSection(ProjectConfigurationPlatforms) = postSolution
		{9F850217-EFDA-49E8-BF4C-A8E8832F691D}.Debug|Any CPU.ActiveCfg = Debug|Any CPU
		{9F850217-EFDA-49E8-BF4C-A8E8832F691D}.Debug|Any CPU.Build.0 = Debug|Any CPU
		{9F850217-EFDA-49E8-BF4C-A8E8832F691D}.Release|Any CPU.ActiveCfg = Release|Any CPU
		{9F850217-EFDA-49E8-BF4C-A8E8832F691D}.Release|Any CPU.Build.0 = Release|Any CPU
	EndGlobalSection
	GlobalSection(SolutionProperties) = preSolution
		HideSolutionNode = FALSE
	EndGlobalSection
	GlobalSection(ExtensibilityGlobals) = postSolution
		SolutionGuid = {C3EA1619-099D-4AC3-B20B-8AE82F3390D7}
	EndGlobalSection
EndGlobal
